
Microsoft Visual Studio Solution File, Format Version 12.00
# Visual Studio Version 16
VisualStudioVersion = 16.0.31205.134
MinimumVisualStudioVersion = 10.0.40219.1
Project("{FAE04EC0-301F-11D3-BF4B-00C04F79EFBC}") = "Coding Test Makonis", "Coding Test Makonis\Coding Test Makonis.csproj", "{6A59D6C0-C430-4D1A-94D8-E39AD6614B14}"
EndProject
Project("{FAE04EC0-301F-11D3-BF4B-00C04F79EFBC}") = "Makonis.Services", "Makonis.Services\Makonis.Services.csproj", "{7BF38D43-97EA-4ADF-A734-35696E6B5801}"
EndProject
Project("{FAE04EC0-301F-11D3-BF4B-00C04F79EFBC}") = "Makonis.Common", "Makonis.Common\Makonis.Common.csproj", "{62387683-1938-422A-A564-67E154A5E710}"
EndProject
Global
	GlobalSection(SolutionConfigurationPlatforms) = preSolution
		Debug|Any CPU = Debug|Any CPU
		Release|Any CPU = Release|Any CPU
	EndGlobalSection
	GlobalSection(ProjectConfigurationPlatforms) = postSolution
		{6A59D6C0-C430-4D1A-94D8-E39AD6614B14}.Debug|Any CPU.ActiveCfg = Debug|Any CPU
		{6A59D6C0-C430-4D1A-94D8-E39AD6614B14}.Debug|Any CPU.Build.0 = Debug|Any CPU
		{6A59D6C0-C430-4D1A-94D8-E39AD6614B14}.Release|Any CPU.ActiveCfg = Release|Any CPU
		{6A59D6C0-C430-4D1A-94D8-E39AD6614B14}.Release|Any CPU.Build.0 = Release|Any CPU
		{7BF38D43-97EA-4ADF-A734-35696E6B5801}.Debug|Any CPU.ActiveCfg = Debug|Any CPU
		{7BF38D43-97EA-4ADF-A734-35696E6B5801}.Debug|Any CPU.Build.0 = Debug|Any CPU
		{7BF38D43-97EA-4ADF-A734-35696E6B5801}.Release|Any CPU.ActiveCfg = Release|Any CPU
		{7BF38D43-97EA-4ADF-A734-35696E6B5801}.Release|Any CPU.Build.0 = Release|Any CPU
		{62387683-1938-422A-A564-67E154A5E710}.Debug|Any CPU.ActiveCfg = Debug|Any CPU
		{62387683-1938-422A-A564-67E154A5E710}.Debug|Any CPU.Build.0 = Debug|Any CPU
		{62387683-1938-422A-A564-67E154A5E710}.Release|Any CPU.ActiveCfg = Release|Any CPU
		{62387683-1938-422A-A564-67E154A5E710}.Release|Any CPU.Build.0 = Release|Any CPU
	EndGlobalSection
	GlobalSection(SolutionProperties) = preSolution
		HideSolutionNode = FALSE
	EndGlobalSection
	GlobalSection(ExtensibilityGlobals) = postSolution
		SolutionGuid = {AC864FAB-9621-44B3-B1EC-72BCB796C426}
	EndGlobalSection
EndGlobal
